
Microsoft Visual Studio Solution File, Format Version 12.00
# Visual Studio Version 17
VisualStudioVersion = 17.11.35327.3
MinimumVisualStudioVersion = 10.0.40219.1
Project("{8BC9CEB8-8B4A-11D0-8D11-00A0C91BC942}") = "Price of Mangoes", "Price of Mangoes\Price of Mangoes.vcxproj", "{2F4E17D5-B271-45AE-88F0-85AF4A52420B}"
EndProject
Global
	GlobalSection(SolutionConfigurationPlatforms) = preSolution
		Debug|x64 = Debug|x64
		Debug|x86 = Debug|x86
		Release|x64 = Release|x64
		Release|x86 = Release|x86
	EndGlobalSection
	GlobalSection(ProjectConfigurationPlatforms) = postSolution
		{2F4E17D5-B271-45AE-88F0-85AF4A52420B}.Debug|x64.ActiveCfg = Debug|x64
		{2F4E17D5-B271-45AE-88F0-85AF4A52420B}.Debug|x64.Build.0 = Debug|x64
		{2F4E17D5-B271-45AE-88F0-85AF4A52420B}.Debug|x86.ActiveCfg = Debug|Win32
		{2F4E17D5-B271-45AE-88F0-85AF4A52420B}.Debug|x86.Build.0 = Debug|Win32
		{2F4E17D5-B271-45AE-88F0-85AF4A52420B}.Release|x64.ActiveCfg = Release|x64
		{2F4E17D5-B271-45AE-88F0-85AF4A52420B}.Release|x64.Build.0 = Release|x64
		{2F4E17D5-B271-45AE-88F0-85AF4A52420B}.Release|x86.ActiveCfg = Release|Win32
		{2F4E17D5-B271-45AE-88F0-85AF4A52420B}.Release|x86.Build.0 = Release|Win32
	EndGlobalSection
	GlobalSection(SolutionProperties) = preSolution
		HideSolutionNode = FALSE
	EndGlobalSection
	GlobalSection(ExtensibilityGlobals) = postSolution
		SolutionGuid = {E5588A7C-966F-4679-9DD7-D081067D60A8}
	EndGlobalSection
EndGlobal
